
Microsoft Visual Studio Solution File, Format Version 12.00
#
Project("{2150E333-8FDC-42A3-9474-1A3956D46DE8}") = "src", "src", "{96F5B1BF-C803-42BF-B3AE-508E82F6B47B}"
EndProject
Project("{2150E333-8FDC-42A3-9474-1A3956D46DE8}") = "Application", "Application", "{48B6E710-3D22-483B-BE3A-438DB8240359}"
EndProject
Project("{2150E333-8FDC-42A3-9474-1A3956D46DE8}") = "Contracts", "Contracts", "{ECA75AE4-C6E4-428F-A3ED-69A1B9BBB002}"
EndProject
Project("{2150E333-8FDC-42A3-9474-1A3956D46DE8}") = "Domain", "Domain", "{08BFCE24-80E9-4A91-A312-10C522E8A5C7}"
EndProject
Project("{2150E333-8FDC-42A3-9474-1A3956D46DE8}") = "Hosts", "Hosts", "{1020D14F-3BCA-4F46-97E1-21697F745201}"
EndProject
Project("{2150E333-8FDC-42A3-9474-1A3956D46DE8}") = "Infrastructure", "Infrastructure", "{A12C3DC7-0985-4CC0-9934-AB7CF369D69D}"
EndProject
Project("{FAE04EC0-301F-11D3-BF4B-00C04F79EFBC}") = "ClassifiedsApi.AppServices", "src\Application\ClassifiedsApi.AppServices\ClassifiedsApi.AppServices.csproj", "{A68278C2-B27A-4CE5-849B-4383E52B5600}"
EndProject
Project("{FAE04EC0-301F-11D3-BF4B-00C04F79EFBC}") = "ClassifiedsApi.Contracts", "src\Contracts\ClassifiedsApi.Contracts\ClassifiedsApi.Contracts.csproj", "{D1241B9B-16AD-41D1-B7DF-42BE676EC481}"
EndProject
Project("{FAE04EC0-301F-11D3-BF4B-00C04F79EFBC}") = "ClassifiedsApi.Domain", "src\Domain\ClassifiedsApi.Domain\ClassifiedsApi.Domain.csproj", "{6C3315ED-549A-4AC4-B137-7EEE36B07116}"
EndProject
Project("{FAE04EC0-301F-11D3-BF4B-00C04F79EFBC}") = "ClassifiedsApi.Infrastructure", "src\Infrastructure\ClassifiedsApi.Infrastructure\ClassifiedsApi.Infrastructure.csproj", "{8A7FE606-6019-4487-BEDF-AFF54EB4AD1F}"
EndProject
Project("{FAE04EC0-301F-11D3-BF4B-00C04F79EFBC}") = "ClassifiedsApi.DataAccess", "src\Infrastructure\ClassifiedsApi.DataAccess\ClassifiedsApi.DataAccess.csproj", "{28CE5EE3-115E-4C29-97D7-0B4A49D374B6}"
EndProject
Project("{FAE04EC0-301F-11D3-BF4B-00C04F79EFBC}") = "ClassifiedsApi.ComponentRegistrar", "src\Infrastructure\ClassifiedsApi.ComponentRegistrar\ClassifiedsApi.ComponentRegistrar.csproj", "{21DB2599-EEDA-4D1B-8BB4-734D905F013E}"
EndProject
Project("{FAE04EC0-301F-11D3-BF4B-00C04F79EFBC}") = "ClassifiedsApi.Api", "src\Hosts\ClassifiedsApi.Api\ClassifiedsApi.Api.csproj", "{FC40AD64-BE96-4697-89A7-02EF8BFB6149}"
EndProject
Project("{FAE04EC0-301F-11D3-BF4B-00C04F79EFBC}") = "ClassifiedsApi.DbMigrator", "src\Hosts\ClassifiedsApi.DbMigrator\ClassifiedsApi.DbMigrator.csproj", "{1668504A-CC7E-4411-A945-A9EB75B24365}"
EndProject
Project("{2150E333-8FDC-42A3-9474-1A3956D46DE8}") = "common", "common", "{26314BBD-912A-4A99-B3EB-796E88B040CB}"
	ProjectSection(SolutionItems) = preProject
		Readme.md = Readme.md
		.gitignore = .gitignore
		docker-compose.yml = docker-compose.yml
		Dockerfile = Dockerfile
		.dockerignore = .dockerignore
	EndProjectSection
EndProject
Global
	GlobalSection(SolutionConfigurationPlatforms) = preSolution
		Debug|Any CPU = Debug|Any CPU
		Release|Any CPU = Release|Any CPU
	EndGlobalSection
	GlobalSection(NestedProjects) = preSolution
		{48B6E710-3D22-483B-BE3A-438DB8240359} = {96F5B1BF-C803-42BF-B3AE-508E82F6B47B}
		{ECA75AE4-C6E4-428F-A3ED-69A1B9BBB002} = {96F5B1BF-C803-42BF-B3AE-508E82F6B47B}
		{08BFCE24-80E9-4A91-A312-10C522E8A5C7} = {96F5B1BF-C803-42BF-B3AE-508E82F6B47B}
		{1020D14F-3BCA-4F46-97E1-21697F745201} = {96F5B1BF-C803-42BF-B3AE-508E82F6B47B}
		{A12C3DC7-0985-4CC0-9934-AB7CF369D69D} = {96F5B1BF-C803-42BF-B3AE-508E82F6B47B}
		{A68278C2-B27A-4CE5-849B-4383E52B5600} = {48B6E710-3D22-483B-BE3A-438DB8240359}
		{D1241B9B-16AD-41D1-B7DF-42BE676EC481} = {ECA75AE4-C6E4-428F-A3ED-69A1B9BBB002}
		{6C3315ED-549A-4AC4-B137-7EEE36B07116} = {08BFCE24-80E9-4A91-A312-10C522E8A5C7}
		{8A7FE606-6019-4487-BEDF-AFF54EB4AD1F} = {A12C3DC7-0985-4CC0-9934-AB7CF369D69D}
		{28CE5EE3-115E-4C29-97D7-0B4A49D374B6} = {A12C3DC7-0985-4CC0-9934-AB7CF369D69D}
		{21DB2599-EEDA-4D1B-8BB4-734D905F013E} = {A12C3DC7-0985-4CC0-9934-AB7CF369D69D}
		{FC40AD64-BE96-4697-89A7-02EF8BFB6149} = {1020D14F-3BCA-4F46-97E1-21697F745201}
		{1668504A-CC7E-4411-A945-A9EB75B24365} = {1020D14F-3BCA-4F46-97E1-21697F745201}
	EndGlobalSection
	GlobalSection(ProjectConfigurationPlatforms) = postSolution
		{A68278C2-B27A-4CE5-849B-4383E52B5600}.Debug|Any CPU.ActiveCfg = Debug|Any CPU
		{A68278C2-B27A-4CE5-849B-4383E52B5600}.Debug|Any CPU.Build.0 = Debug|Any CPU
		{A68278C2-B27A-4CE5-849B-4383E52B5600}.Release|Any CPU.ActiveCfg = Release|Any CPU
		{A68278C2-B27A-4CE5-849B-4383E52B5600}.Release|Any CPU.Build.0 = Release|Any CPU
		{D1241B9B-16AD-41D1-B7DF-42BE676EC481}.Debug|Any CPU.ActiveCfg = Debug|Any CPU
		{D1241B9B-16AD-41D1-B7DF-42BE676EC481}.Debug|Any CPU.Build.0 = Debug|Any CPU
		{D1241B9B-16AD-41D1-B7DF-42BE676EC481}.Release|Any CPU.ActiveCfg = Release|Any CPU
		{D1241B9B-16AD-41D1-B7DF-42BE676EC481}.Release|Any CPU.Build.0 = Release|Any CPU
		{6C3315ED-549A-4AC4-B137-7EEE36B07116}.Debug|Any CPU.ActiveCfg = Debug|Any CPU
		{6C3315ED-549A-4AC4-B137-7EEE36B07116}.Debug|Any CPU.Build.0 = Debug|Any CPU
		{6C3315ED-549A-4AC4-B137-7EEE36B07116}.Release|Any CPU.ActiveCfg = Release|Any CPU
		{6C3315ED-549A-4AC4-B137-7EEE36B07116}.Release|Any CPU.Build.0 = Release|Any CPU
		{8A7FE606-6019-4487-BEDF-AFF54EB4AD1F}.Debug|Any CPU.ActiveCfg = Debug|Any CPU
		{8A7FE606-6019-4487-BEDF-AFF54EB4AD1F}.Debug|Any CPU.Build.0 = Debug|Any CPU
		{8A7FE606-6019-4487-BEDF-AFF54EB4AD1F}.Release|Any CPU.ActiveCfg = Release|Any CPU
		{8A7FE606-6019-4487-BEDF-AFF54EB4AD1F}.Release|Any CPU.Build.0 = Release|Any CPU
		{28CE5EE3-115E-4C29-97D7-0B4A49D374B6}.Debug|Any CPU.ActiveCfg = Debug|Any CPU
		{28CE5EE3-115E-4C29-97D7-0B4A49D374B6}.Debug|Any CPU.Build.0 = Debug|Any CPU
		{28CE5EE3-115E-4C29-97D7-0B4A49D374B6}.Release|Any CPU.ActiveCfg = Release|Any CPU
		{28CE5EE3-115E-4C29-97D7-0B4A49D374B6}.Release|Any CPU.Build.0 = Release|Any CPU
		{21DB2599-EEDA-4D1B-8BB4-734D905F013E}.Debug|Any CPU.ActiveCfg = Debug|Any CPU
		{21DB2599-EEDA-4D1B-8BB4-734D905F013E}.Debug|Any CPU.Build.0 = Debug|Any CPU
		{21DB2599-EEDA-4D1B-8BB4-734D905F013E}.Release|Any CPU.ActiveCfg = Release|Any CPU
		{21DB2599-EEDA-4D1B-8BB4-734D905F013E}.Release|Any CPU.Build.0 = Release|Any CPU
		{FC40AD64-BE96-4697-89A7-02EF8BFB6149}.Debug|Any CPU.ActiveCfg = Debug|Any CPU
		{FC40AD64-BE96-4697-89A7-02EF8BFB6149}.Debug|Any CPU.Build.0 = Debug|Any CPU
		{FC40AD64-BE96-4697-89A7-02EF8BFB6149}.Release|Any CPU.ActiveCfg = Release|Any CPU
		{FC40AD64-BE96-4697-89A7-02EF8BFB6149}.Release|Any CPU.Build.0 = Release|Any CPU
		{1668504A-CC7E-4411-A945-A9EB75B24365}.Debug|Any CPU.ActiveCfg = Debug|Any CPU
		{1668504A-CC7E-4411-A945-A9EB75B24365}.Debug|Any CPU.Build.0 = Debug|Any CPU
		{1668504A-CC7E-4411-A945-A9EB75B24365}.Release|Any CPU.ActiveCfg = Release|Any CPU
		{1668504A-CC7E-4411-A945-A9EB75B24365}.Release|Any CPU.Build.0 = Release|Any CPU
	EndGlobalSection
EndGlobal
